{
    "_readme": [
        "This file locks the dependencies of your project to a known state",
        "Read more about it at https://getcomposer.org/doc/01-basic-usage.md#installing-dependencies",
        "This file is @generated automatically"
    ],
    "content-hash": "2219a8259d005f0af9be006e40221e5d",
    "packages": [
        {
            "name": "james-heinrich/getid3",
            "version": "v2.0.0-beta3",
            "source": {
                "type": "git",
                "url": "https://github.com/JamesHeinrich/getID3.git",
                "reference": "5515a2d24667c3c0ff49fdcbdadc405c0880c7a2"
            },
            "dist": {
                "type": "zip",
                "url": "https://api.github.com/repos/JamesHeinrich/getID3/zipball/5515a2d24667c3c0ff49fdcbdadc405c0880c7a2",
                "reference": "5515a2d24667c3c0ff49fdcbdadc405c0880c7a2",
                "shasum": ""
            },
            "require": {
				"ext-curl": "*",
				"ext-mbstring": "*",
				"ext-xml": "*"
            },
            "require-dev": {
                "jakub-onderka/php-parallel-lint": "^0.9 || ^1.0",
                "phpunit/phpunit": "^4.8|^5.0"
            },
            "suggest": {
                "ext-SimpleXML": "SimpleXML extension is required to analyze RIFF/WAV/BWF audio files (also requires `ext-libxml`).",
                "ext-com_dotnet": "COM extension is required when loading files larger than 2GB on Windows.",
                "ext-ctype": "ctype extension is required when loading files larger than 2GB on 32-bit PHP (also on 64-bit PHP on Windows) or executing `getid3_lib::CopyTagsToComments`.",
                "ext-dba": "DBA extension is required to use the DBA database as a cache storage.",
                "ext-exif": "EXIF extension is required for graphic modules.",
                "ext-iconv": "iconv extension is required to work with different character sets (when `ext-mbstring` is not available).",
                "ext-json": "JSON extension is required to analyze Apple Quicktime videos.",
                "ext-libxml": "libxml extension is required to analyze RIFF/WAV/BWF audio files.",
                "ext-mbstring": "mbstring extension is required to work with different character sets.",
                "ext-mysql": "MySQL extension is required to use the MySQL database as a cache storage (deprecated in PHP 5.5, removed in PHP >= 7.0, use `ext-mysqli` instead).",
                "ext-mysqli": "MySQLi extension is required to use the MySQL database as a cache storage.",
                "ext-rar": "RAR extension is required for RAR archive module.",
                "ext-sqlite3": "SQLite3 extension is required to use the SQLite3 database as a cache storage.",
                "ext-xml": "XML extension is required for graphic modules to analyze the XML metadata.",
                "ext-zlib": "Zlib extension is required for archive modules and compressed metadata."
            },
            "type": "library",
            "extra": {
                "branch-alias": {
                    "dev-master": "2.0.x-dev"
                }
            },
            "autoload": {
                "psr-4": {
                    "JamesHeinrich\\GetID3\\": "src/"
                }
            },
            "notification-url": "https://packagist.org/downloads/",
            "license": [
                "GPL-1.0-or-later",
                "LGPL-3.0-only",
                "MPL-2.0"
            ],
            "time": "2020-07-21T08:15:44+00:00"
        },
        {
            "name": "athlon1600/php-proxy-plugin-bundle",
            "version": "dev-master",
            "source": {
                "type": "git",
                "url": "https://github.com/Athlon1600/php-proxy-plugin-bundle.git",
                "reference": "6f58fbba44c2b6ccf33c2fba1aaee2f3f5681193"
            },
            "dist": {
                "type": "zip",
                "url": "https://api.github.com/repos/Athlon1600/php-proxy-plugin-bundle/zipball/6f58fbba44c2b6ccf33c2fba1aaee2f3f5681193",
                "reference": "6f58fbba44c2b6ccf33c2fba1aaee2f3f5681193",
                "shasum": ""
            },
            "require": {
                "athlon1600/youtube-downloader": "^1.0"
            },
            "type": "library",
            "autoload": {
                "psr-4": {
                    "Proxy\\Plugin\\": "src/"
                },
                "files": [
                    "src/utils.php"
                ]
            },
            "notification-url": "https://packagist.org/downloads/",
            "license": [
                "MIT"
            ],
            "description": "A collection of useful plugins to be used with php-proxy",
            "time": "2018-04-01T19:18:27+00:00"
        },
		{
            "name": "athlon1600/php-proxy",
            "version": "v5.2.0",
			"version_normalized": "5.2.0.0",
            "source": {
                "type": "git",
                "url": "https://github.com/Athlon1600/php-proxy.git",
                "reference": "dc8266db597c5b5e88a3ea5a8dbec00d20abe60a"
            },
            "dist": {
                "type": "zip",
                "url": "https://api.github.com/repos/Athlon1600/php-proxy/zipball/dc8266db597c5b5e88a3ea5a8dbec00d20abe60a",
                "reference": "dc8266db597c5b5e88a3ea5a8dbec00d20abe60a",
                "shasum": ""
            },
            "require": {
                "ext-curl": "*"
            },
            "type": "library",
            "autoload": {
                "psr-4": {
                    "Proxy\\": "src/"
                },
                "files": [
                    "src/helpers.php"
                ]
            },
            "notification-url": "https://packagist.org/downloads/",
            "license": [
                "MIT"
            ],
            "description": "A collection of useful plugins to be used with php-proxy",
            "time": "2019-12-31T20:33:41+00:00"
        }
    ],
    "packages-dev": [],
    "aliases": [],
    "minimum-stability": "beta",
    "stability-flags": [],
    "prefer-stable": true,
    "prefer-lowest": false,
    "platform": [],
    "platform-dev": [],
    "plugin-api-version": "2.0.0"
}
